
Microsoft Visual Studio Solution File, Format Version 12.00
# Visual Studio Version 17
VisualStudioVersion = 17.8.34330.188
MinimumVisualStudioVersion = 10.0.40219.1
Project("{9A19103F-16F7-4668-BE54-9A1E7A4F7556}") = "FlashCard.Api", "src\FlashCard.Api\FlashCard.Api.csproj", "{5C17E726-3114-47C7-8E7B-B0460DD54724}"
EndProject
Project("{2150E333-8FDC-42A3-9474-1A3956D46DE8}") = "src", "src", "{E9535207-4F84-48CC-8C91-305302075080}"
EndProject
Project("{2150E333-8FDC-42A3-9474-1A3956D46DE8}") = "tests", "tests", "{2DC1ACE8-05F7-4017-9EFE-3C5F74BFE12F}"
EndProject
Project("{9A19103F-16F7-4668-BE54-9A1E7A4F7556}") = "FlashCard.Core", "src\FlashCard.Core\FlashCard.Core.csproj", "{22EC5F41-BE4E-4400-9EF9-7670966F0CBF}"
EndProject
Project("{9A19103F-16F7-4668-BE54-9A1E7A4F7556}") = "FlashCard.Infrastructure", "src\FlashCard.Infrastructure\FlashCard.Infrastructure.csproj", "{ADC09E24-E623-43A3-9611-796D702E1DF3}"
EndProject
Project("{9A19103F-16F7-4668-BE54-9A1E7A4F7556}") = "FlashCard.Core.UnitTest", "tests\FlashCard.Core.UnitTest\FlashCard.Core.UnitTest.csproj", "{496A27C0-D6CE-4E03-B55A-4E4BF8DA0B6A}"
EndProject
Global
	GlobalSection(SolutionConfigurationPlatforms) = preSolution
		Debug|Any CPU = Debug|Any CPU
		Release|Any CPU = Release|Any CPU
	EndGlobalSection
	GlobalSection(ProjectConfigurationPlatforms) = postSolution
		{5C17E726-3114-47C7-8E7B-B0460DD54724}.Debug|Any CPU.ActiveCfg = Debug|Any CPU
		{5C17E726-3114-47C7-8E7B-B0460DD54724}.Debug|Any CPU.Build.0 = Debug|Any CPU
		{5C17E726-3114-47C7-8E7B-B0460DD54724}.Release|Any CPU.ActiveCfg = Release|Any CPU
		{5C17E726-3114-47C7-8E7B-B0460DD54724}.Release|Any CPU.Build.0 = Release|Any CPU
		{22EC5F41-BE4E-4400-9EF9-7670966F0CBF}.Debug|Any CPU.ActiveCfg = Debug|Any CPU
		{22EC5F41-BE4E-4400-9EF9-7670966F0CBF}.Debug|Any CPU.Build.0 = Debug|Any CPU
		{22EC5F41-BE4E-4400-9EF9-7670966F0CBF}.Release|Any CPU.ActiveCfg = Release|Any CPU
		{22EC5F41-BE4E-4400-9EF9-7670966F0CBF}.Release|Any CPU.Build.0 = Release|Any CPU
		{ADC09E24-E623-43A3-9611-796D702E1DF3}.Debug|Any CPU.ActiveCfg = Debug|Any CPU
		{ADC09E24-E623-43A3-9611-796D702E1DF3}.Debug|Any CPU.Build.0 = Debug|Any CPU
		{ADC09E24-E623-43A3-9611-796D702E1DF3}.Release|Any CPU.ActiveCfg = Release|Any CPU
		{ADC09E24-E623-43A3-9611-796D702E1DF3}.Release|Any CPU.Build.0 = Release|Any CPU
		{496A27C0-D6CE-4E03-B55A-4E4BF8DA0B6A}.Debug|Any CPU.ActiveCfg = Debug|Any CPU
		{496A27C0-D6CE-4E03-B55A-4E4BF8DA0B6A}.Debug|Any CPU.Build.0 = Debug|Any CPU
		{496A27C0-D6CE-4E03-B55A-4E4BF8DA0B6A}.Release|Any CPU.ActiveCfg = Release|Any CPU
		{496A27C0-D6CE-4E03-B55A-4E4BF8DA0B6A}.Release|Any CPU.Build.0 = Release|Any CPU
	EndGlobalSection
	GlobalSection(SolutionProperties) = preSolution
		HideSolutionNode = FALSE
	EndGlobalSection
	GlobalSection(NestedProjects) = preSolution
		{5C17E726-3114-47C7-8E7B-B0460DD54724} = {E9535207-4F84-48CC-8C91-305302075080}
		{22EC5F41-BE4E-4400-9EF9-7670966F0CBF} = {E9535207-4F84-48CC-8C91-305302075080}
		{ADC09E24-E623-43A3-9611-796D702E1DF3} = {E9535207-4F84-48CC-8C91-305302075080}
		{496A27C0-D6CE-4E03-B55A-4E4BF8DA0B6A} = {2DC1ACE8-05F7-4017-9EFE-3C5F74BFE12F}
	EndGlobalSection
	GlobalSection(ExtensibilityGlobals) = postSolution
		SolutionGuid = {93CD7A6F-719D-4177-917D-EAB116370D09}
	EndGlobalSection
EndGlobal
